// !$*UTF8*$!
{
	archiveVersion = 1;
	classes = {
	};
	objectVersion = 56;
	objects = {

/* Begin PBXBuildFile section */
		1F0DFE2E2BCD961C00588E90 /* AppDelegate.swift in Sources */ = {isa = PBXBuildFile; fileRef = 1F0DFE2D2BCD961C00588E90 /* AppDelegate.swift */; };
		1F0DFE302BCD961C00588E90 /* SceneDelegate.swift in Sources */ = {isa = PBXBuildFile; fileRef = 1F0DFE2F2BCD961C00588E90 /* SceneDelegate.swift */; };
		1F0DFE352BCD961C00588E90 /* Base in Resources */ = {isa = PBXBuildFile; fileRef = 1F0DFE342BCD961C00588E90 /* Base */; };
		1F0DFE372BCD961C00588E90 /* Assets.xcassets in Resources */ = {isa = PBXBuildFile; fileRef = 1F0DFE362BCD961C00588E90 /* Assets.xcassets */; };
		1F0DFE3A2BCD961C00588E90 /* Base in Resources */ = {isa = PBXBuildFile; fileRef = 1F0DFE392BCD961C00588E90 /* Base */; };
		1F0DFE452BCD961D00588E90 /* lifecounterTests.swift in Sources */ = {isa = PBXBuildFile; fileRef = 1F0DFE442BCD961D00588E90 /* lifecounterTests.swift */; };
		1F0DFE4F2BCD961D00588E90 /* lifecounterUITests.swift in Sources */ = {isa = PBXBuildFile; fileRef = 1F0DFE4E2BCD961D00588E90 /* lifecounterUITests.swift */; };
		1F0DFE512BCD961D00588E90 /* lifecounterUITestsLaunchTests.swift in Sources */ = {isa = PBXBuildFile; fileRef = 1F0DFE502BCD961D00588E90 /* lifecounterUITestsLaunchTests.swift */; };
		1FBF3EAB2BD754330047B7AC /* HistoryViewController.swift in Sources */ = {isa = PBXBuildFile; fileRef = 1FBF3EAA2BD754330047B7AC /* HistoryViewController.swift */; };
		1FBF3EAD2BD75B9A0047B7AC /* TabBarViewController.swift in Sources */ = {isa = PBXBuildFile; fileRef = 1FBF3EAC2BD75B9A0047B7AC /* TabBarViewController.swift */; };
		1FF72A1B2BD7181F00712747 /* MainViewController.swift in Sources */ = {isa = PBXBuildFile; fileRef = 1FF72A1A2BD7181F00712747 /* MainViewController.swift */; };
/* End PBXBuildFile section */

/* Begin PBXContainerItemProxy section */
		1F0DFE412BCD961D00588E90 /* PBXContainerItemProxy */ = {
			isa = PBXContainerItemProxy;
			containerPortal = 1F0DFE222BCD961C00588E90 /* Project object */;
			proxyType = 1;
			remoteGlobalIDString = 1F0DFE292BCD961C00588E90;
			remoteInfo = lifecounter;
		};
		1F0DFE4B2BCD961D00588E90 /* PBXContainerItemProxy */ = {
			isa = PBXContainerItemProxy;
			containerPortal = 1F0DFE222BCD961C00588E90 /* Project object */;
			proxyType = 1;
			remoteGlobalIDString = 1F0DFE292BCD961C00588E90;
			remoteInfo = lifecounter;
		};
/* End PBXContainerItemProxy section */

/* Begin PBXFileReference section */
		1F0DFE2A2BCD961C00588E90 /* lifecounter.app */ = {isa = PBXFileReference; explicitFileType = wrapper.application; includeInIndex = 0; path = lifecounter.app; sourceTree = BUILT_PRODUCTS_DIR; };
		1F0DFE2D2BCD961C00588E90 /* AppDelegate.swift */ = {isa = PBXFileReference; lastKnownFileType = sourcecode.swift; path = AppDelegate.swift; sourceTree = "<group>"; };
		1F0DFE2F2BCD961C00588E90 /* SceneDelegate.swift */ = {isa = PBXFileReference; lastKnownFileType = sourcecode.swift; path = SceneDelegate.swift; sourceTree = "<group>"; };
		1F0DFE342BCD961C00588E90 /* Base */ = {isa = PBXFileReference; lastKnownFileType = file.storyboard; name = Base; path = Base.lproj/Main.storyboard; sourceTree = "<group>"; };
		1F0DFE362BCD961C00588E90 /* Assets.xcassets */ = {isa = PBXFileReference; lastKnownFileType = folder.assetcatalog; path = Assets.xcassets; sourceTree = "<group>"; };
		1F0DFE392BCD961C00588E90 /* Base */ = {isa = PBXFileReference; lastKnownFileType = file.storyboard; name = Base; path = Base.lproj/LaunchScreen.storyboard; sourceTree = "<group>"; };
		1F0DFE3B2BCD961C00588E90 /* Info.plist */ = {isa = PBXFileReference; lastKnownFileType = text.plist.xml; path = Info.plist; sourceTree = "<group>"; };
		1F0DFE402BCD961D00588E90 /* lifecounterTests.xctest */ = {isa = PBXFileReference; explicitFileType = wrapper.cfbundle; includeInIndex = 0; path = lifecounterTests.xctest; sourceTree = BUILT_PRODUCTS_DIR; };
		1F0DFE442BCD961D00588E90 /* lifecounterTests.swift */ = {isa = PBXFileReference; lastKnownFileType = sourcecode.swift; path = lifecounterTests.swift; sourceTree = "<group>"; };
		1F0DFE4A2BCD961D00588E90 /* lifecounterUITests.xctest */ = {isa = PBXFileReference; explicitFileType = wrapper.cfbundle; includeInIndex = 0; path = lifecounterUITests.xctest; sourceTree = BUILT_PRODUCTS_DIR; };
		1F0DFE4E2BCD961D00588E90 /* lifecounterUITests.swift */ = {isa = PBXFileReference; lastKnownFileType = sourcecode.swift; path = lifecounterUITests.swift; sourceTree = "<group>"; };
		1F0DFE502BCD961D00588E90 /* lifecounterUITestsLaunchTests.swift */ = {isa = PBXFileReference; lastKnownFileType = sourcecode.swift; path = lifecounterUITestsLaunchTests.swift; sourceTree = "<group>"; };
		1FBF3EAA2BD754330047B7AC /* HistoryViewController.swift */ = {isa = PBXFileReference; lastKnownFileType = sourcecode.swift; path = HistoryViewController.swift; sourceTree = "<group>"; };
		1FBF3EAC2BD75B9A0047B7AC /* TabBarViewController.swift */ = {isa = PBXFileReference; lastKnownFileType = sourcecode.swift; path = TabBarViewController.swift; sourceTree = "<group>"; };
		1FF72A1A2BD7181F00712747 /* MainViewController.swift */ = {isa = PBXFileReference; lastKnownFileType = sourcecode.swift; path = MainViewController.swift; sourceTree = "<group>"; };
/* End PBXFileReference section */

/* Begin PBXFrameworksBuildPhase section */
		1F0DFE272BCD961C00588E90 /* Frameworks */ = {
			isa = PBXFrameworksBuildPhase;
			buildActionMask = 2147483647;
			files = (
			);
			runOnlyForDeploymentPostprocessing = 0;
		};
		1F0DFE3D2BCD961D00588E90 /* Frameworks */ = {
			isa = PBXFrameworksBuildPhase;
			buildActionMask = 2147483647;
			files = (
			);
			runOnlyForDeploymentPostprocessing = 0;
		};
		1F0DFE472BCD961D00588E90 /* Frameworks */ = {
			isa = PBXFrameworksBuildPhase;
			buildActionMask = 2147483647;
			files = (
			);
			runOnlyForDeploymentPostprocessing = 0;
		};
/* End PBXFrameworksBuildPhase section */

/* Begin PBXGroup section */
		1F0DFE212BCD961C00588E90 = {
			isa = PBXGroup;
			children = (
				1F0DFE2C2BCD961C00588E90 /* lifecounter */,
				1F0DFE432BCD961D00588E90 /* lifecounterTests */,
				1F0DFE4D2BCD961D00588E90 /* lifecounterUITests */,
				1F0DFE2B2BCD961C00588E90 /* Products */,
			);
			sourceTree = "<group>";
		};
		1F0DFE2B2BCD961C00588E90 /* Products */ = {
			isa = PBXGroup;
			children = (
				1F0DFE2A2BCD961C00588E90 /* lifecounter.app */,
				1F0DFE402BCD961D00588E90 /* lifecounterTests.xctest */,
				1F0DFE4A2BCD961D00588E90 /* lifecounterUITests.xctest */,
			);
			name = Products;
			sourceTree = "<group>";
		};
		1F0DFE2C2BCD961C00588E90 /* lifecounter */ = {
			isa = PBXGroup;
			children = (
				1F0DFE2D2BCD961C00588E90 /* AppDelegate.swift */,
				1F0DFE2F2BCD961C00588E90 /* SceneDelegate.swift */,
				1F0DFE332BCD961C00588E90 /* Main.storyboard */,
				1F0DFE362BCD961C00588E90 /* Assets.xcassets */,
				1F0DFE382BCD961C00588E90 /* LaunchScreen.storyboard */,
				1F0DFE3B2BCD961C00588E90 /* Info.plist */,
				1FF72A1A2BD7181F00712747 /* MainViewController.swift */,
				1FBF3EAA2BD754330047B7AC /* HistoryViewController.swift */,
				1FBF3EAC2BD75B9A0047B7AC /* TabBarViewController.swift */,
			);
			path = lifecounter;
			sourceTree = "<group>";
		};
		1F0DFE432BCD961D00588E90 /* lifecounterTests */ = {
			isa = PBXGroup;
			children = (
				1F0DFE442BCD961D00588E90 /* lifecounterTests.swift */,
			);
			path = lifecounterTests;
			sourceTree = "<group>";
		};
		1F0DFE4D2BCD961D00588E90 /* lifecounterUITests */ = {
			isa = PBXGroup;
			children = (
				1F0DFE4E2BCD961D00588E90 /* lifecounterUITests.swift */,
				1F0DFE502BCD961D00588E90 /* lifecounterUITestsLaunchTests.swift */,
			);
			path = lifecounterUITests;
			sourceTree = "<group>";
		};
/* End PBXGroup section */

/* Begin PBXNativeTarget section */
		1F0DFE292BCD961C00588E90 /* lifecounter */ = {
			isa = PBXNativeTarget;
			buildConfigurationList = 1F0DFE542BCD961D00588E90 /* Build configuration list for PBXNativeTarget "lifecounter" */;
			buildPhases = (
				1F0DFE262BCD961C00588E90 /* Sources */,
				1F0DFE272BCD961C00588E90 /* Frameworks */,
				1F0DFE282BCD961C00588E90 /* Resources */,
			);
			buildRules = (
			);
			dependencies = (
			);
			name = lifecounter;
			productName = lifecounter;
			productReference = 1F0DFE2A2BCD961C00588E90 /* lifecounter.app */;
			productType = "com.apple.product-type.application";
		};
		1F0DFE3F2BCD961D00588E90 /* lifecounterTests */ = {
			isa = PBXNativeTarget;
			buildConfigurationList = 1F0DFE572BCD961D00588E90 /* Build configuration list for PBXNativeTarget "lifecounterTests" */;
			buildPhases = (
				1F0DFE3C2BCD961D00588E90 /* Sources */,
				1F0DFE3D2BCD961D00588E90 /* Frameworks */,
				1F0DFE3E2BCD961D00588E90 /* Resources */,
			);
			buildRules = (
			);
			dependencies = (
				1F0DFE422BCD961D00588E90 /* PBXTargetDependency */,
			);
			name = lifecounterTests;
			productName = lifecounterTests;
			productReference = 1F0DFE402BCD961D00588E90 /* lifecounterTests.xctest */;
			productType = "com.apple.product-type.bundle.unit-test";
		};
		1F0DFE492BCD961D00588E90 /* lifecounterUITests */ = {
			isa = PBXNativeTarget;
			buildConfigurationList = 1F0DFE5A2BCD961D00588E90 /* Build configuration list for PBXNativeTarget "lifecounterUITests" */;
			buildPhases = (
				1F0DFE462BCD961D00588E90 /* Sources */,
				1F0DFE472BCD961D00588E90 /* Frameworks */,
				1F0DFE482BCD961D00588E90 /* Resources */,
			);
			buildRules = (
			);
			dependencies = (
				1F0DFE4C2BCD961D00588E90 /* PBXTargetDependency */,
			);
			name = lifecounterUITests;
			productName = lifecounterUITests;
			productReference = 1F0DFE4A2BCD961D00588E90 /* lifecounterUITests.xctest */;
			productType = "com.apple.product-type.bundle.ui-testing";
		};
/* End PBXNativeTarget section */

/* Begin PBXProject section */
		1F0DFE222BCD961C00588E90 /* Project object */ = {
			isa = PBXProject;
			attributes = {
				BuildIndependentTargetsInParallel = 1;
				LastSwiftUpdateCheck = 1530;
				LastUpgradeCheck = 1530;
				TargetAttributes = {
					1F0DFE292BCD961C00588E90 = {
						CreatedOnToolsVersion = 15.3;
					};
					1F0DFE3F2BCD961D00588E90 = {
						CreatedOnToolsVersion = 15.3;
						TestTargetID = 1F0DFE292BCD961C00588E90;
					};
					1F0DFE492BCD961D00588E90 = {
						CreatedOnToolsVersion = 15.3;
						TestTargetID = 1F0DFE292BCD961C00588E90;
					};
				};
			};
			buildConfigurationList = 1F0DFE252BCD961C00588E90 /* Build configuration list for PBXProject "lifecounter" */;
			compatibilityVersion = "Xcode 14.0";
			developmentRegion = en;
			hasScannedForEncodings = 0;
			knownRegions = (
				en,
				Base,
			);
			mainGroup = 1F0DFE212BCD961C00588E90;
			productRefGroup = 1F0DFE2B2BCD961C00588E90 /* Products */;
			projectDirPath = "";
			projectRoot = "";
			targets = (
				1F0DFE292BCD961C00588E90 /* lifecounter */,
				1F0DFE3F2BCD961D00588E90 /* lifecounterTests */,
				1F0DFE492BCD961D00588E90 /* lifecounterUITests */,
			);
		};
/* End PBXProject section */

/* Begin PBXResourcesBuildPhase section */
		1F0DFE282BCD961C00588E90 /* Resources */ = {
			isa = PBXResourcesBuildPhase;
			buildActionMask = 2147483647;
			files = (
				1F0DFE372BCD961C00588E90 /* Assets.xcassets in Resources */,
				1F0DFE3A2BCD961C00588E90 /* Base in Resources */,
				1F0DFE352BCD961C00588E90 /* Base in Resources */,
			);
			runOnlyForDeploymentPostprocessing = 0;
		};
		1F0DFE3E2BCD961D00588E90 /* Resources */ = {
			isa = PBXResourcesBuildPhase;
			buildActionMask = 2147483647;
			files = (
			);
			runOnlyForDeploymentPostprocessing = 0;
		};
		1F0DFE482BCD961D00588E90 /* Resources */ = {
			isa = PBXResourcesBuildPhase;
			buildActionMask = 2147483647;
			files = (
			);
			runOnlyForDeploymentPostprocessing = 0;
		};
/* End PBXResourcesBuildPhase section */

/* Begin PBXSourcesBuildPhase section */
		1F0DFE262BCD961C00588E90 /* Sources */ = {
			isa = PBXSourcesBuildPhase;
			buildActionMask = 2147483647;
			files = (
				1F0DFE2E2BCD961C00588E90 /* AppDelegate.swift in Sources */,
				1F0DFE302BCD961C00588E90 /* SceneDelegate.swift in Sources */,
				1FBF3EAB2BD754330047B7AC /* HistoryViewController.swift in Sources */,
				1FBF3EAD2BD75B9A0047B7AC /* TabBarViewController.swift in Sources */,
				1FF72A1B2BD7181F00712747 /* MainViewController.swift in Sources */,
			);
			runOnlyForDeploymentPostprocessing = 0;
		};
		1F0DFE3C2BCD961D00588E90 /* Sources */ = {
			isa = PBXSourcesBuildPhase;
			buildActionMask = 2147483647;
			files = (
				1F0DFE452BCD961D00588E90 /* lifecounterTests.swift in Sources */,
			);
			runOnlyForDeploymentPostprocessing = 0;
		};
		1F0DFE462BCD961D00588E90 /* Sources */ = {
			isa = PBXSourcesBuildPhase;
			buildActionMask = 2147483647;
			files = (
				1F0DFE4F2BCD961D00588E90 /* lifecounterUITests.swift in Sources */,
				1F0DFE512BCD961D00588E90 /* lifecounterUITestsLaunchTests.swift in Sources */,
			);
			runOnlyForDeploymentPostprocessing = 0;
		};
/* End PBXSourcesBuildPhase section */

/* Begin PBXTargetDependency section */
		1F0DFE422BCD961D00588E90 /* PBXTargetDependency */ = {
			isa = PBXTargetDependency;
			target = 1F0DFE292BCD961C00588E90 /* lifecounter */;
			targetProxy = 1F0DFE412BCD961D00588E90 /* PBXContainerItemProxy */;
		};
		1F0DFE4C2BCD961D00588E90 /* PBXTargetDependency */ = {
			isa = PBXTargetDependency;
			target = 1F0DFE292BCD961C00588E90 /* lifecounter */;
			targetProxy = 1F0DFE4B2BCD961D00588E90 /* PBXContainerItemProxy */;
		};
/* End PBXTargetDependency section */

/* Begin PBXVariantGroup section */
		1F0DFE332BCD961C00588E90 /* Main.storyboard */ = {
			isa = PBXVariantGroup;
			children = (
				1F0DFE342BCD961C00588E90 /* Base */,
			);
			name = Main.storyboard;
			sourceTree = "<group>";
		};
		1F0DFE382BCD961C00588E90 /* LaunchScreen.storyboard */ = {
			isa = PBXVariantGroup;
			children = (
				1F0DFE392BCD961C00588E90 /* Base */,
			);
			name = LaunchScreen.storyboard;
			sourceTree = "<group>";
		};
/* End PBXVariantGroup section */

/* Begin XCBuildConfiguration section */
		1F0DFE522BCD961D00588E90 /* Debug */ = {
			isa = XCBuildConfiguration;
			buildSettings = {
				ALWAYS_SEARCH_USER_PATHS = NO;
				ASSETCATALOG_COMPILER_GENERATE_SWIFT_ASSET_SYMBOL_EXTENSIONS = YES;
				CLANG_ANALYZER_NONNULL = YES;
				CLANG_ANALYZER_NUMBER_OBJECT_CONVERSION = YES_AGGRESSIVE;
				CLANG_CXX_LANGUAGE_STANDARD = "gnu++20";
				CLANG_ENABLE_MODULES = YES;
				CLANG_ENABLE_OBJC_ARC = YES;
				CLANG_ENABLE_OBJC_WEAK = YES;
				CLANG_WARN_BLOCK_CAPTURE_AUTORELEASING = YES;
				CLANG_WARN_BOOL_CONVERSION = YES;
				CLANG_WARN_COMMA = YES;
				CLANG_WARN_CONSTANT_CONVERSION = YES;
				CLANG_WARN_DEPRECATED_OBJC_IMPLEMENTATIONS = YES;
				CLANG_WARN_DIRECT_OBJC_ISA_USAGE = YES_ERROR;
				CLANG_WARN_DOCUMENTATION_COMMENTS = YES;
				CLANG_WARN_EMPTY_BODY = YES;
				CLANG_WARN_ENUM_CONVERSION = YES;
				CLANG_WARN_INFINITE_RECURSION = YES;
				CLANG_WARN_INT_CONVERSION = YES;
				CLANG_WARN_NON_LITERAL_NULL_CONVERSION = YES;
				CLANG_WARN_OBJC_IMPLICIT_RETAIN_SELF = YES;
				CLANG_WARN_OBJC_LITERAL_CONVERSION = YES;
				CLANG_WARN_OBJC_ROOT_CLASS = YES_ERROR;
				CLANG_WARN_QUOTED_INCLUDE_IN_FRAMEWORK_HEADER = YES;
				CLANG_WARN_RANGE_LOOP_ANALYSIS = YES;
				CLANG_WARN_STRICT_PROTOTYPES = YES;
				CLANG_WARN_SUSPICIOUS_MOVE = YES;
				CLANG_WARN_UNGUARDED_AVAILABILITY = YES_AGGRESSIVE;
				CLANG_WARN_UNREACHABLE_CODE = YES;
				CLANG_WARN__DUPLICATE_METHOD_MATCH = YES;
				COPY_PHASE_STRIP = NO;
				DEBUG_INFORMATION_FORMAT = dwarf;
				ENABLE_STRICT_OBJC_MSGSEND = YES;
				ENABLE_TESTABILITY = YES;
				ENABLE_USER_SCRIPT_SANDBOXING = YES;
				GCC_C_LANGUAGE_STANDARD = gnu17;
				GCC_DYNAMIC_NO_PIC = NO;
				GCC_NO_COMMON_BLOCKS = YES;
				GCC_OPTIMIZATION_LEVEL = 0;
				GCC_PREPROCESSOR_DEFINITIONS = (
					"DEBUG=1",
					"$(inherited)",
				);
				GCC_WARN_64_TO_32_BIT_CONVERSION = YES;
				GCC_WARN_ABOUT_RETURN_TYPE = YES_ERROR;
				GCC_WARN_UNDECLARED_SELECTOR = YES;
				GCC_WARN_UNINITIALIZED_AUTOS = YES_AGGRESSIVE;
				GCC_WARN_UNUSED_FUNCTION = YES;
				GCC_WARN_UNUSED_VARIABLE = YES;
				IPHONEOS_DEPLOYMENT_TARGET = 17.4;
				LOCALIZATION_PREFERS_STRING_CATALOGS = YES;
				MTL_ENABLE_DEBUG_INFO = INCLUDE_SOURCE;
				MTL_FAST_MATH = YES;
				ONLY_ACTIVE_ARCH = YES;
				SDKROOT = iphoneos;
				SWIFT_ACTIVE_COMPILATION_CONDITIONS = "DEBUG $(inherited)";
				SWIFT_OPTIMIZATION_LEVEL = "-Onone";
			};
			name = Debug;
		};
		1F0DFE532BCD961D00588E90 /* Release */ = {
			isa = XCBuildConfiguration;
			buildSettings = {
				ALWAYS_SEARCH_USER_PATHS = NO;
				ASSETCATALOG_COMPILER_GENERATE_SWIFT_ASSET_SYMBOL_EXTENSIONS = YES;
				CLANG_ANALYZER_NONNULL = YES;
				CLANG_ANALYZER_NUMBER_OBJECT_CONVERSION = YES_AGGRESSIVE;
				CLANG_CXX_LANGUAGE_STANDARD = "gnu++20";
				CLANG_ENABLE_MODULES = YES;
				CLANG_ENABLE_OBJC_ARC = YES;
				CLANG_ENABLE_OBJC_WEAK = YES;
				CLANG_WARN_BLOCK_CAPTURE_AUTORELEASING = YES;
				CLANG_WARN_BOOL_CONVERSION = YES;
				CLANG_WARN_COMMA = YES;
				CLANG_WARN_CONSTANT_CONVERSION = YES;
				CLANG_WARN_DEPRECATED_OBJC_IMPLEMENTATIONS = YES;
				CLANG_WARN_DIRECT_OBJC_ISA_USAGE = YES_ERROR;
				CLANG_WARN_DOCUMENTATION_COMMENTS = YES;
				CLANG_WARN_EMPTY_BODY = YES;
				CLANG_WARN_ENUM_CONVERSION = YES;
				CLANG_WARN_INFINITE_RECURSION = YES;
				CLANG_WARN_INT_CONVERSION = YES;
				CLANG_WARN_NON_LITERAL_NULL_CONVERSION = YES;
				CLANG_WARN_OBJC_IMPLICIT_RETAIN_SELF = YES;
				CLANG_WARN_OBJC_LITERAL_CONVERSION = YES;
				CLANG_WARN_OBJC_ROOT_CLASS = YES_ERROR;
				CLANG_WARN_QUOTED_INCLUDE_IN_FRAMEWORK_HEADER = YES;
				CLANG_WARN_RANGE_LOOP_ANALYSIS = YES;
				CLANG_WARN_STRICT_PROTOTYPES = YES;
				CLANG_WARN_SUSPICIOUS_MOVE = YES;
				CLANG_WARN_UNGUARDED_AVAILABILITY = YES_AGGRESSIVE;
				CLANG_WARN_UNREACHABLE_CODE = YES;
				CLANG_WARN__DUPLICATE_METHOD_MATCH = YES;
				COPY_PHASE_STRIP = NO;
				DEBUG_INFORMATION_FORMAT = "dwarf-with-dsym";
				ENABLE_NS_ASSERTIONS = NO;
				ENABLE_STRICT_OBJC_MSGSEND = YES;
				ENABLE_USER_SCRIPT_SANDBOXING = YES;
				GCC_C_LANGUAGE_STANDARD = gnu17;
				GCC_NO_COMMON_BLOCKS = YES;
				GCC_WARN_64_TO_32_BIT_CONVERSION = YES;
				GCC_WARN_ABOUT_RETURN_TYPE = YES_ERROR;
				GCC_WARN_UNDECLARED_SELECTOR = YES;
				GCC_WARN_UNINITIALIZED_AUTOS = YES_AGGRESSIVE;
				GCC_WARN_UNUSED_FUNCTION = YES;
				GCC_WARN_UNUSED_VARIABLE = YES;
				IPHONEOS_DEPLOYMENT_TARGET = 17.4;
				LOCALIZATION_PREFERS_STRING_CATALOGS = YES;
				MTL_ENABLE_DEBUG_INFO = NO;
				MTL_FAST_MATH = YES;
				SDKROOT = iphoneos;
				SWIFT_COMPILATION_MODE = wholemodule;
				VALIDATE_PRODUCT = YES;
			};
			name = Release;
		};
		1F0DFE552BCD961D00588E90 /* Debug */ = {
			isa = XCBuildConfiguration;
			buildSettings = {
				ASSETCATALOG_COMPILER_APPICON_NAME = AppIcon;
				ASSETCATALOG_COMPILER_GLOBAL_ACCENT_COLOR_NAME = AccentColor;
				CODE_SIGN_STYLE = Automatic;
				CURRENT_PROJECT_VERSION = 1;
				DEVELOPMENT_TEAM = ZDEE8STAWS;
				GENERATE_INFOPLIST_FILE = YES;
				INFOPLIST_FILE = lifecounter/Info.plist;
				INFOPLIST_KEY_UIApplicationSupportsIndirectInputEvents = YES;
				INFOPLIST_KEY_UILaunchStoryboardName = LaunchScreen;
				INFOPLIST_KEY_UIMainStoryboardFile = Main;
				INFOPLIST_KEY_UISupportedInterfaceOrientations_iPad = "UIInterfaceOrientationPortrait UIInterfaceOrientationPortraitUpsideDown UIInterfaceOrientationLandscapeLeft UIInterfaceOrientationLandscapeRight";
				INFOPLIST_KEY_UISupportedInterfaceOrientations_iPhone = "UIInterfaceOrientationPortrait UIInterfaceOrientationLandscapeLeft UIInterfaceOrientationLandscapeRight";
				LD_RUNPATH_SEARCH_PATHS = (
					"$(inherited)",
					"@executable_path/Frameworks",
				);
				MARKETING_VERSION = 1.0;
				PRODUCT_BUNDLE_IDENTIFIER = edu.uw.ischool.vinhqn1.info449.lifecounter;
				PRODUCT_NAME = "$(TARGET_NAME)";
				SWIFT_EMIT_LOC_STRINGS = YES;
				SWIFT_VERSION = 5.0;
				TARGETED_DEVICE_FAMILY = "1,2";
			};
			name = Debug;
		};
		1F0DFE562BCD961D00588E90 /* Release */ = {
			isa = XCBuildConfiguration;
			buildSettings = {
				ASSETCATALOG_COMPILER_APPICON_NAME = AppIcon;
				ASSETCATALOG_COMPILER_GLOBAL_ACCENT_COLOR_NAME = AccentColor;
				CODE_SIGN_STYLE = Automatic;
				CURRENT_PROJECT_VERSION = 1;
				DEVELOPMENT_TEAM = ZDEE8STAWS;
				GENERATE_INFOPLIST_FILE = YES;
				INFOPLIST_FILE = lifecounter/Info.plist;
				INFOPLIST_KEY_UIApplicationSupportsIndirectInputEvents = YES;
				INFOPLIST_KEY_UILaunchStoryboardName = LaunchScreen;
				INFOPLIST_KEY_UIMainStoryboardFile = Main;
				INFOPLIST_KEY_UISupportedInterfaceOrientations_iPad = "UIInterfaceOrientationPortrait UIInterfaceOrientationPortraitUpsideDown UIInterfaceOrientationLandscapeLeft UIInterfaceOrientationLandscapeRight";
				INFOPLIST_KEY_UISupportedInterfaceOrientations_iPhone = "UIInterfaceOrientationPortrait UIInterfaceOrientationLandscapeLeft UIInterfaceOrientationLandscapeRight";
				LD_RUNPATH_SEARCH_PATHS = (
					"$(inherited)",
					"@executable_path/Frameworks",
				);
				MARKETING_VERSION = 1.0;
				PRODUCT_BUNDLE_IDENTIFIER = edu.uw.ischool.vinhqn1.info449.lifecounter;
				PRODUCT_NAME = "$(TARGET_NAME)";
				SWIFT_EMIT_LOC_STRINGS = YES;
				SWIFT_VERSION = 5.0;
				TARGETED_DEVICE_FAMILY = "1,2";
			};
			name = Release;
		};
		1F0DFE582BCD961D00588E90 /* Debug */ = {
			isa = XCBuildConfiguration;
			buildSettings = {
				ALWAYS_EMBED_SWIFT_STANDARD_LIBRARIES = YES;
				BUNDLE_LOADER = "$(TEST_HOST)";
				CODE_SIGN_STYLE = Automatic;
				CURRENT_PROJECT_VERSION = 1;
				DEVELOPMENT_TEAM = ZDEE8STAWS;
				GENERATE_INFOPLIST_FILE = YES;
				IPHONEOS_DEPLOYMENT_TARGET = 17.4;
				MARKETING_VERSION = 1.0;
				PRODUCT_BUNDLE_IDENTIFIER = edu.uw.ischool.vinhqn1.info449.lifecounterTests;
				PRODUCT_NAME = "$(TARGET_NAME)";
				SWIFT_EMIT_LOC_STRINGS = NO;
				SWIFT_VERSION = 5.0;
				TARGETED_DEVICE_FAMILY = "1,2";
				TEST_HOST = "$(BUILT_PRODUCTS_DIR)/lifecounter.app/$(BUNDLE_EXECUTABLE_FOLDER_PATH)/lifecounter";
			};
			name = Debug;
		};
		1F0DFE592BCD961D00588E90 /* Release */ = {
			isa = XCBuildConfiguration;
			buildSettings = {
				ALWAYS_EMBED_SWIFT_STANDARD_LIBRARIES = YES;
				BUNDLE_LOADER = "$(TEST_HOST)";
				CODE_SIGN_STYLE = Automatic;
				CURRENT_PROJECT_VERSION = 1;
				DEVELOPMENT_TEAM = ZDEE8STAWS;
				GENERATE_INFOPLIST_FILE = YES;
				IPHONEOS_DEPLOYMENT_TARGET = 17.4;
				MARKETING_VERSION = 1.0;
				PRODUCT_BUNDLE_IDENTIFIER = edu.uw.ischool.vinhqn1.info449.lifecounterTests;
				PRODUCT_NAME = "$(TARGET_NAME)";
				SWIFT_EMIT_LOC_STRINGS = NO;
				SWIFT_VERSION = 5.0;
				TARGETED_DEVICE_FAMILY = "1,2";
				TEST_HOST = "$(BUILT_PRODUCTS_DIR)/lifecounter.app/$(BUNDLE_EXECUTABLE_FOLDER_PATH)/lifecounter";
			};
			name = Release;
		};
		1F0DFE5B2BCD961D00588E90 /* Debug */ = {
			isa = XCBuildConfiguration;
			buildSettings = {
				ALWAYS_EMBED_SWIFT_STANDARD_LIBRARIES = YES;
				CODE_SIGN_STYLE = Automatic;
				CURRENT_PROJECT_VERSION = 1;
				DEVELOPMENT_TEAM = ZDEE8STAWS;
				GENERATE_INFOPLIST_FILE = YES;
				MARKETING_VERSION = 1.0;
				PRODUCT_BUNDLE_IDENTIFIER = edu.uw.ischool.vinhqn1.info449.lifecounterUITests;
				PRODUCT_NAME = "$(TARGET_NAME)";
				SWIFT_EMIT_LOC_STRINGS = NO;
				SWIFT_VERSION = 5.0;
				TARGETED_DEVICE_FAMILY = "1,2";
				TEST_TARGET_NAME = lifecounter;
			};
			name = Debug;
		};
		1F0DFE5C2BCD961D00588E90 /* Release */ = {
			isa = XCBuildConfiguration;
			buildSettings = {
				ALWAYS_EMBED_SWIFT_STANDARD_LIBRARIES = YES;
				CODE_SIGN_STYLE = Automatic;
				CURRENT_PROJECT_VERSION = 1;
				DEVELOPMENT_TEAM = ZDEE8STAWS;
				GENERATE_INFOPLIST_FILE = YES;
				MARKETING_VERSION = 1.0;
				PRODUCT_BUNDLE_IDENTIFIER = edu.uw.ischool.vinhqn1.info449.lifecounterUITests;
				PRODUCT_NAME = "$(TARGET_NAME)";
				SWIFT_EMIT_LOC_STRINGS = NO;
				SWIFT_VERSION = 5.0;
				TARGETED_DEVICE_FAMILY = "1,2";
				TEST_TARGET_NAME = lifecounter;
			};
			name = Release;
		};
/* End XCBuildConfiguration section */

/* Begin XCConfigurationList section */
		1F0DFE252BCD961C00588E90 /* Build configuration list for PBXProject "lifecounter" */ = {
			isa = XCConfigurationList;
			buildConfigurations = (
				1F0DFE522BCD961D00588E90 /* Debug */,
				1F0DFE532BCD961D00588E90 /* Release */,
			);
			defaultConfigurationIsVisible = 0;
			defaultConfigurationName = Release;
		};
		1F0DFE542BCD961D00588E90 /* Build configuration list for PBXNativeTarget "lifecounter" */ = {
			isa = XCConfigurationList;
			buildConfigurations = (
				1F0DFE552BCD961D00588E90 /* Debug */,
				1F0DFE562BCD961D00588E90 /* Release */,
			);
			defaultConfigurationIsVisible = 0;
			defaultConfigurationName = Release;
		};
		1F0DFE572BCD961D00588E90 /* Build configuration list for PBXNativeTarget "lifecounterTests" */ = {
			isa = XCConfigurationList;
			buildConfigurations = (
				1F0DFE582BCD961D00588E90 /* Debug */,
				1F0DFE592BCD961D00588E90 /* Release */,
			);
			defaultConfigurationIsVisible = 0;
			defaultConfigurationName = Release;
		};
		1F0DFE5A2BCD961D00588E90 /* Build configuration list for PBXNativeTarget "lifecounterUITests" */ = {
			isa = XCConfigurationList;
			buildConfigurations = (
				1F0DFE5B2BCD961D00588E90 /* Debug */,
				1F0DFE5C2BCD961D00588E90 /* Release */,
			);
			defaultConfigurationIsVisible = 0;
			defaultConfigurationName = Release;
		};
/* End XCConfigurationList section */
	};
	rootObject = 1F0DFE222BCD961C00588E90 /* Project object */;
}
